github.com/pebbe/zmq4 v1.4.0 h1:gO5P92Ayl8GXpPZdYcD62Cwbq0slSBVVQRIXwGSJ6eQ=
github.com/pebbe/zmq4 v1.4.0/go.mod h1:nqnPueOapVhE2wItZ0uOErngczsJdLOGkebMxaO8r48=
github.com/robfig/cron/v3 v3.0.1 h1:WdRxkvbJztn8LMz/QEvLN5sBU+xKpSqwwUO1Pjr4qDs=
github.com/robfig/cron/v3 v3.0.1/go.mod h1:eQICP3HwyT7UooqI/z+Ov+PtYAWygg1TEWWzGIFLtro=
